// !$*UTF8*$!
{
	archiveVersion = 1;
	classes = {
	};
	objectVersion = 50;
	objects = {

/* Begin PBXBuildFile section */
		074ABA9920D886BC00ADD199 /* AppDelegate.swift in Sources */ = {isa = PBXBuildFile; fileRef = 074ABA9820D886BC00ADD199 /* AppDelegate.swift */; };
		074ABA9B20D886BC00ADD199 /* art.scnassets in Resources */ = {isa = PBXBuildFile; fileRef = 074ABA9A20D886BC00ADD199 /* art.scnassets */; };
		074ABA9D20D886BC00ADD199 /* ViewController.swift in Sources */ = {isa = PBXBuildFile; fileRef = 074ABA9C20D886BC00ADD199 /* ViewController.swift */; };
		074ABAA020D886BC00ADD199 /* Main.storyboard in Resources */ = {isa = PBXBuildFile; fileRef = 074ABA9E20D886BC00ADD199 /* Main.storyboard */; };
		074ABAA220D886BD00ADD199 /* Assets.xcassets in Resources */ = {isa = PBXBuildFile; fileRef = 074ABAA120D886BD00ADD199 /* Assets.xcassets */; };
		074ABAA520D886BD00ADD199 /* LaunchScreen.storyboard in Resources */ = {isa = PBXBuildFile; fileRef = 074ABAA320D886BD00ADD199 /* LaunchScreen.storyboard */; };
/* End PBXBuildFile section */

/* Begin PBXFileReference section */
		074ABA9520D886BC00ADD199 /* CMJenkins.app */ = {isa = PBXFileReference; explicitFileType = wrapper.application; includeInIndex = 0; path = CMJenkins.app; sourceTree = BUILT_PRODUCTS_DIR; };
		074ABA9820D886BC00ADD199 /* AppDelegate.swift */ = {isa = PBXFileReference; lastKnownFileType = sourcecode.swift; path = AppDelegate.swift; sourceTree = "<group>"; };
		074ABA9A20D886BC00ADD199 /* art.scnassets */ = {isa = PBXFileReference; lastKnownFileType = wrapper.scnassets; path = art.scnassets; sourceTree = "<group>"; };
		074ABA9C20D886BC00ADD199 /* ViewController.swift */ = {isa = PBXFileReference; lastKnownFileType = sourcecode.swift; path = ViewController.swift; sourceTree = "<group>"; };
		074ABA9F20D886BC00ADD199 /* Base */ = {isa = PBXFileReference; lastKnownFileType = file.storyboard; name = Base; path = Base.lproj/Main.storyboard; sourceTree = "<group>"; };
		074ABAA120D886BD00ADD199 /* Assets.xcassets */ = {isa = PBXFileReference; lastKnownFileType = folder.assetcatalog; path = Assets.xcassets; sourceTree = "<group>"; };
		074ABAA420D886BD00ADD199 /* Base */ = {isa = PBXFileReference; lastKnownFileType = file.storyboard; name = Base; path = Base.lproj/LaunchScreen.storyboard; sourceTree = "<group>"; };
		074ABAA620D886BD00ADD199 /* Info.plist */ = {isa = PBXFileReference; lastKnownFileType = text.plist.xml; path = Info.plist; sourceTree = "<group>"; };
/* End PBXFileReference section */

/* Begin PBXFrameworksBuildPhase section */
		074ABA9220D886BC00ADD199 /* Frameworks */ = {
			isa = PBXFrameworksBuildPhase;
			buildActionMask = 2147483647;
			files = (
			);
			runOnlyForDeploymentPostprocessing = 0;
		};
/* End PBXFrameworksBuildPhase section */

/* Begin PBXGroup section */
		074ABA8C20D886BC00ADD199 = {
			isa = PBXGroup;
			children = (
				074ABA9720D886BC00ADD199 /* CMJenkins */,
				074ABA9620D886BC00ADD199 /* Products */,
			);
			sourceTree = "<group>";
		};
		074ABA9620D886BC00ADD199 /* Products */ = {
			isa = PBXGroup;
			children = (
				074ABA9520D886BC00ADD199 /* CMJenkins.app */,
			);
			name = Products;
			sourceTree = "<group>";
		};
		074ABA9720D886BC00ADD199 /* CMJenkins */ = {
			isa = PBXGroup;
			children = (
				074ABA9820D886BC00ADD199 /* AppDelegate.swift */,
				074ABA9A20D886BC00ADD199 /* art.scnassets */,
				074ABA9C20D886BC00ADD199 /* ViewController.swift */,
				074ABA9E20D886BC00ADD199 /* Main.storyboard */,
				074ABAA120D886BD00ADD199 /* Assets.xcassets */,
				074ABAA320D886BD00ADD199 /* LaunchScreen.storyboard */,
				074ABAA620D886BD00ADD199 /* Info.plist */,
			);
			path = CMJenkins;
			sourceTree = "<group>";
		};
/* End PBXGroup section */

/* Begin PBXNativeTarget section */
		074ABA9420D886BC00ADD199 /* CMJenkins */ = {
			isa = PBXNativeTarget;
			buildConfigurationList = 074ABAA920D886BD00ADD199 /* Build configuration list for PBXNativeTarget "CMJenkins" */;
			buildPhases = (
				074ABA9120D886BC00ADD199 /* Sources */,
				074ABA9220D886BC00ADD199 /* Frameworks */,
				074ABA9320D886BC00ADD199 /* Resources */,
			);
			buildRules = (
			);
			dependencies = (
			);
			name = CMJenkins;
			productName = CMJenkins;
			productReference = 074ABA9520D886BC00ADD199 /* CMJenkins.app */;
			productType = "com.apple.product-type.application";
		};
/* End PBXNativeTarget section */

/* Begin PBXProject section */
		074ABA8D20D886BC00ADD199 /* Project object */ = {
			isa = PBXProject;
			attributes = {
				LastSwiftUpdateCheck = 1000;
				LastUpgradeCheck = 1000;
				ORGANIZATIONNAME = "Copper Mobile";
				TargetAttributes = {
					074ABA9420D886BC00ADD199 = {
						CreatedOnToolsVersion = 10.0;
					};
				};
			};
			buildConfigurationList = 074ABA9020D886BC00ADD199 /* Build configuration list for PBXProject "CMJenkins" */;
			compatibilityVersion = "Xcode 9.3";
			developmentRegion = en;
			hasScannedForEncodings = 0;
			knownRegions = (
				en,
				Base,
			);
			mainGroup = 074ABA8C20D886BC00ADD199;
			productRefGroup = 074ABA9620D886BC00ADD199 /* Products */;
			projectDirPath = "";
			projectRoot = "";
			targets = (
				074ABA9420D886BC00ADD199 /* CMJenkins */,
			);
		};
/* End PBXProject section */

/* Begin PBXResourcesBuildPhase section */
		074ABA9320D886BC00ADD199 /* Resources */ = {
			isa = PBXResourcesBuildPhase;
			buildActionMask = 2147483647;
			files = (
				074ABA9B20D886BC00ADD199 /* art.scnassets in Resources */,
				074ABAA520D886BD00ADD199 /* LaunchScreen.storyboard in Resources */,
				074ABAA220D886BD00ADD199 /* Assets.xcassets in Resources */,
				074ABAA020D886BC00ADD199 /* Main.storyboard in Resources */,
			);
			runOnlyForDeploymentPostprocessing = 0;
		};
/* End PBXResourcesBuildPhase section */

/* Begin PBXSourcesBuildPhase section */
		074ABA9120D886BC00ADD199 /* Sources */ = {
			isa = PBXSourcesBuildPhase;
			buildActionMask = 2147483647;
			files = (
				074ABA9D20D886BC00ADD199 /* ViewController.swift in Sources */,
				074ABA9920D886BC00ADD199 /* AppDelegate.swift in Sources */,
			);
			runOnlyForDeploymentPostprocessing = 0;
		};
/* End PBXSourcesBuildPhase section */

/* Begin PBXVariantGroup section */
		074ABA9E20D886BC00ADD199 /* Main.storyboard */ = {
			isa = PBXVariantGroup;
			children = (
				074ABA9F20D886BC00ADD199 /* Base */,
			);
			name = Main.storyboard;
			sourceTree = "<group>";
		};
		074ABAA320D886BD00ADD199 /* LaunchScreen.storyboard */ = {
			isa = PBXVariantGroup;
			children = (
				074ABAA420D886BD00ADD199 /* Base */,
			);
			name = LaunchScreen.storyboard;
			sourceTree = "<group>";
		};
/* End PBXVariantGroup section */

/* Begin XCBuildConfiguration section */
		074ABAA720D886BD00ADD199 /* Debug */ = {
			isa = XCBuildConfiguration;
			buildSettings = {
				ALWAYS_SEARCH_USER_PATHS = NO;
				CLANG_ANALYZER_NONNULL = YES;
				CLANG_ANALYZER_NUMBER_OBJECT_CONVERSION = YES_AGGRESSIVE;
				CLANG_CXX_LANGUAGE_STANDARD = "gnu++14";
				CLANG_CXX_LIBRARY = "libc++";
				CLANG_ENABLE_MODULES = YES;
				CLANG_ENABLE_OBJC_ARC = YES;
				CLANG_ENABLE_OBJC_WEAK = YES;
				CLANG_WARN_BLOCK_CAPTURE_AUTORELEASING = YES;
				CLANG_WARN_BOOL_CONVERSION = YES;
				CLANG_WARN_COMMA = YES;
				CLANG_WARN_CONSTANT_CONVERSION = YES;
				CLANG_WARN_DEPRECATED_OBJC_IMPLEMENTATIONS = YES;
				CLANG_WARN_DIRECT_OBJC_ISA_USAGE = YES_ERROR;
				CLANG_WARN_DOCUMENTATION_COMMENTS = YES;
				CLANG_WARN_EMPTY_BODY = YES;
				CLANG_WARN_ENUM_CONVERSION = YES;
				CLANG_WARN_INFINITE_RECURSION = YES;
				CLANG_WARN_INT_CONVERSION = YES;
				CLANG_WARN_NON_LITERAL_NULL_CONVERSION = YES;
				CLANG_WARN_OBJC_IMPLICIT_RETAIN_SELF = YES;
				CLANG_WARN_OBJC_LITERAL_CONVERSION = YES;
				CLANG_WARN_OBJC_ROOT_CLASS = YES_ERROR;
				CLANG_WARN_RANGE_LOOP_ANALYSIS = YES;
				CLANG_WARN_STRICT_PROTOTYPES = YES;
				CLANG_WARN_SUSPICIOUS_MOVE = YES;
				CLANG_WARN_UNGUARDED_AVAILABILITY = YES_AGGRESSIVE;
				CLANG_WARN_UNREACHABLE_CODE = YES;
				CLANG_WARN__DUPLICATE_METHOD_MATCH = YES;
				CODE_SIGN_IDENTITY = "iPhone Developer";
				COPY_PHASE_STRIP = NO;
				DEBUG_INFORMATION_FORMAT = dwarf;
				ENABLE_STRICT_OBJC_MSGSEND = YES;
				ENABLE_TESTABILITY = YES;
				GCC_C_LANGUAGE_STANDARD = gnu11;
				GCC_DYNAMIC_NO_PIC = NO;
				GCC_NO_COMMON_BLOCKS = YES;
				GCC_OPTIMIZATION_LEVEL = 0;
				GCC_PREPROCESSOR_DEFINITIONS = (
					"DEBUG=1",
					"$(inherited)",
				);
				GCC_WARN_64_TO_32_BIT_CONVERSION = YES;
				GCC_WARN_ABOUT_RETURN_TYPE = YES_ERROR;
				GCC_WARN_UNDECLARED_SELECTOR = YES;
				GCC_WARN_UNINITIALIZED_AUTOS = YES_AGGRESSIVE;
				GCC_WARN_UNUSED_FUNCTION = YES;
				GCC_WARN_UNUSED_VARIABLE = YES;
				IPHONEOS_DEPLOYMENT_TARGET = 12.0;
				MTL_ENABLE_DEBUG_INFO = INCLUDE_SOURCE;
				ONLY_ACTIVE_ARCH = YES;
				SDKROOT = iphoneos;
				SWIFT_ACTIVE_COMPILATION_CONDITIONS = DEBUG;
				SWIFT_OPTIMIZATION_LEVEL = "-Onone";
			};
			name = Debug;
		};
		074ABAA820D886BD00ADD199 /* Release */ = {
			isa = XCBuildConfiguration;
			buildSettings = {
				ALWAYS_SEARCH_USER_PATHS = NO;
				CLANG_ANALYZER_NONNULL = YES;
				CLANG_ANALYZER_NUMBER_OBJECT_CONVERSION = YES_AGGRESSIVE;
				CLANG_CXX_LANGUAGE_STANDARD = "gnu++14";
				CLANG_CXX_LIBRARY = "libc++";
				CLANG_ENABLE_MODULES = YES;
				CLANG_ENABLE_OBJC_ARC = YES;
				CLANG_ENABLE_OBJC_WEAK = YES;
				CLANG_WARN_BLOCK_CAPTURE_AUTORELEASING = YES;
				CLANG_WARN_BOOL_CONVERSION = YES;
				CLANG_WARN_COMMA = YES;
				CLANG_WARN_CONSTANT_CONVERSION = YES;
				CLANG_WARN_DEPRECATED_OBJC_IMPLEMENTATIONS = YES;
				CLANG_WARN_DIRECT_OBJC_ISA_USAGE = YES_ERROR;
				CLANG_WARN_DOCUMENTATION_COMMENTS = YES;
				CLANG_WARN_EMPTY_BODY = YES;
				CLANG_WARN_ENUM_CONVERSION = YES;
				CLANG_WARN_INFINITE_RECURSION = YES;
				CLANG_WARN_INT_CONVERSION = YES;
				CLANG_WARN_NON_LITERAL_NULL_CONVERSION = YES;
				CLANG_WARN_OBJC_IMPLICIT_RETAIN_SELF = YES;
				CLANG_WARN_OBJC_LITERAL_CONVERSION = YES;
				CLANG_WARN_OBJC_ROOT_CLASS = YES_ERROR;
				CLANG_WARN_RANGE_LOOP_ANALYSIS = YES;
				CLANG_WARN_STRICT_PROTOTYPES = YES;
				CLANG_WARN_SUSPICIOUS_MOVE = YES;
				CLANG_WARN_UNGUARDED_AVAILABILITY = YES_AGGRESSIVE;
				CLANG_WARN_UNREACHABLE_CODE = YES;
				CLANG_WARN__DUPLICATE_METHOD_MATCH = YES;
				CODE_SIGN_IDENTITY = "iPhone Developer";
				COPY_PHASE_STRIP = NO;
				DEBUG_INFORMATION_FORMAT = "dwarf-with-dsym";
				ENABLE_NS_ASSERTIONS = NO;
				ENABLE_STRICT_OBJC_MSGSEND = YES;
				GCC_C_LANGUAGE_STANDARD = gnu11;
				GCC_NO_COMMON_BLOCKS = YES;
				GCC_WARN_64_TO_32_BIT_CONVERSION = YES;
				GCC_WARN_ABOUT_RETURN_TYPE = YES_ERROR;
				GCC_WARN_UNDECLARED_SELECTOR = YES;
				GCC_WARN_UNINITIALIZED_AUTOS = YES_AGGRESSIVE;
				GCC_WARN_UNUSED_FUNCTION = YES;
				GCC_WARN_UNUSED_VARIABLE = YES;
				IPHONEOS_DEPLOYMENT_TARGET = 12.0;
				MTL_ENABLE_DEBUG_INFO = NO;
				SDKROOT = iphoneos;
				SWIFT_COMPILATION_MODE = wholemodule;
				SWIFT_OPTIMIZATION_LEVEL = "-O";
				VALIDATE_PRODUCT = YES;
			};
			name = Release;
		};
		074ABAAA20D886BD00ADD199 /* Debug */ = {
			isa = XCBuildConfiguration;
			buildSettings = {
				ASSETCATALOG_COMPILER_APPICON_NAME = AppIcon;
				CODE_SIGN_STYLE = Automatic;
				DEVELOPMENT_TEAM = R628KWZJ5B;
				INFOPLIST_FILE = CMJenkins/Info.plist;
				LD_RUNPATH_SEARCH_PATHS = (
					"$(inherited)",
					"@executable_path/Frameworks",
				);
				PRODUCT_BUNDLE_IDENTIFIER = com.coppermobile.verizon.CMJenkins;
				PRODUCT_NAME = "$(TARGET_NAME)";
				SWIFT_VERSION = 4.2;
				TARGETED_DEVICE_FAMILY = "1,2";
			};
			name = Debug;
		};
		074ABAAB20D886BD00ADD199 /* Release */ = {
			isa = XCBuildConfiguration;
			buildSettings = {
				ASSETCATALOG_COMPILER_APPICON_NAME = AppIcon;
				CODE_SIGN_STYLE = Automatic;
				DEVELOPMENT_TEAM = R628KWZJ5B;
				INFOPLIST_FILE = CMJenkins/Info.plist;
				LD_RUNPATH_SEARCH_PATHS = (
					"$(inherited)",
					"@executable_path/Frameworks",
				);
				PRODUCT_BUNDLE_IDENTIFIER = com.coppermobile.verizon.CMJenkins;
				PRODUCT_NAME = "$(TARGET_NAME)";
				SWIFT_VERSION = 4.2;
				TARGETED_DEVICE_FAMILY = "1,2";
			};
			name = Release;
		};
/* End XCBuildConfiguration section */

/* Begin XCConfigurationList section */
		074ABA9020D886BC00ADD199 /* Build configuration list for PBXProject "CMJenkins" */ = {
			isa = XCConfigurationList;
			buildConfigurations = (
				074ABAA720D886BD00ADD199 /* Debug */,
				074ABAA820D886BD00ADD199 /* Release */,
			);
			defaultConfigurationIsVisible = 0;
			defaultConfigurationName = Release;
		};
		074ABAA920D886BD00ADD199 /* Build configuration list for PBXNativeTarget "CMJenkins" */ = {
			isa = XCConfigurationList;
			buildConfigurations = (
				074ABAAA20D886BD00ADD199 /* Debug */,
				074ABAAB20D886BD00ADD199 /* Release */,
			);
			defaultConfigurationIsVisible = 0;
			defaultConfigurationName = Release;
		};
/* End XCConfigurationList section */
	};
	rootObject = 074ABA8D20D886BC00ADD199 /* Project object */;
}
